{
  "requires": true,
  "lockfileVersion": 1,
  "dependencies": {
    "@webassemblyjs/ast": {
      "version": "1.9.0",
      "resolved": "https://registry.npm.taobao.org/@webassemblyjs/ast/download/@webassemblyjs/ast-1.9.0.tgz?cache=0&other_urls=https%3A%2F%2Fregistry.npm.taobao.org%2F%40webassemblyjs%2Fast%2Fdownload%2F%40webassemblyjs%2Fast-1.9.0.tgz",
      "integrity": "sha1-vYUGBLQEJFmlpBzX0zjL7Wle2WQ=",
      "requires": {
        "@webassemblyjs/helper-module-context": "1.9.0",
        "@webassemblyjs/helper-wasm-bytecode": "1.9.0",
        "@webassemblyjs/wast-parser": "1.9.0"
      }
    },
    "@webassemblyjs/floating-point-hex-parser": {
      "version": "1.9.0",
      "resolved": "https://registry.npm.taobao.org/@webassemblyjs/floating-point-hex-parser/download/@webassemblyjs/floating-point-hex-parser-1.9.0.tgz",
      "integrity": "sha1-PD07Jxvd/ITesA9xNEQ4MR1S/7Q="
    },
    "@webassemblyjs/helper-api-error": {
      "version": "1.9.0",
      "resolved": "https://registry.npm.taobao.org/@webassemblyjs/helper-api-error/download/@webassemblyjs/helper-api-error-1.9.0.tgz?cache=0&other_urls=https%3A%2F%2Fregistry.npm.taobao.org%2F%40webassemblyjs%2Fhelper-api-error%2Fdownload%2F%40webassemblyjs%2Fhelper-api-error-1.9.0.tgz",
      "integrity": "sha1-ID9nbjM7lsnaLuqzzO8zxFkotqI="
    },
    "@webassemblyjs/helper-code-frame": {
      "version": "1.9.0",
      "resolved": "https://registry.npm.taobao.org/@webassemblyjs/helper-code-frame/download/@webassemblyjs/helper-code-frame-1.9.0.tgz?cache=0&other_urls=https%3A%2F%2Fregistry.npm.taobao.org%2F%40webassemblyjs%2Fhelper-code-frame%2Fdownload%2F%40webassemblyjs%2Fhelper-code-frame-1.9.0.tgz",
      "integrity": "sha1-ZH+Iks0gQ6gqwMjF51w28dkVnyc=",
      "requires": {
        "@webassemblyjs/wast-printer": "1.9.0"
      }
    },
    "@webassemblyjs/helper-fsm": {
      "version": "1.9.0",
      "resolved": "https://registry.npm.taobao.org/@webassemblyjs/helper-fsm/download/@webassemblyjs/helper-fsm-1.9.0.tgz?cache=0&other_urls=https%3A%2F%2Fregistry.npm.taobao.org%2F%40webassemblyjs%2Fhelper-fsm%2Fdownload%2F%40webassemblyjs%2Fhelper-fsm-1.9.0.tgz",
      "integrity": "sha1-wFJWtxJEIUZx9LCOwQitY7cO3bg="
    },
    "@webassemblyjs/helper-module-context": {
      "version": "1.9.0",
      "resolved": "https://registry.npm.taobao.org/@webassemblyjs/helper-module-context/download/@webassemblyjs/helper-module-context-1.9.0.tgz?cache=0&other_urls=https%3A%2F%2Fregistry.npm.taobao.org%2F%40webassemblyjs%2Fhelper-module-context%2Fdownload%2F%40webassemblyjs%2Fhelper-module-context-1.9.0.tgz",
      "integrity": "sha1-JdiIS3aDmHGgimxvgGw5ee9xLwc=",
      "requires": {
        "@webassemblyjs/ast": "1.9.0"
      }
    },
    "@webassemblyjs/helper-wasm-bytecode": {
      "version": "1.9.0",
      "resolved": "https://registry.npm.taobao.org/@webassemblyjs/helper-wasm-bytecode/download/@webassemblyjs/helper-wasm-bytecode-1.9.0.tgz",
      "integrity": "sha1-T+2L6sm4wU+MWLcNEk1UndH+V5A="
    },
    "@webassemblyjs/wast-parser": {
      "version": "1.9.0",
      "resolved": "https://registry.npm.taobao.org/@webassemblyjs/wast-parser/download/@webassemblyjs/wast-parser-1.9.0.tgz",
      "integrity": "sha1-MDERXXmsW9JhVWzsw/qQo+9FGRQ=",
      "requires": {
        "@webassemblyjs/ast": "1.9.0",
        "@webassemblyjs/floating-point-hex-parser": "1.9.0",
        "@webassemblyjs/helper-api-error": "1.9.0",
        "@webassemblyjs/helper-code-frame": "1.9.0",
        "@webassemblyjs/helper-fsm": "1.9.0",
        "@xtuc/long": "4.2.2"
      }
    },
    "@webassemblyjs/wast-printer": {
      "version": "1.9.0",
      "resolved": "https://registry.npm.taobao.org/@webassemblyjs/wast-printer/download/@webassemblyjs/wast-printer-1.9.0.tgz",
      "integrity": "sha1-STXVTIX+9jewDOn1I3dFHQDUeJk=",
      "requires": {
        "@webassemblyjs/ast": "1.9.0",
        "@webassemblyjs/wast-parser": "1.9.0",
        "@xtuc/long": "4.2.2"
      }
    },
    "@xtuc/long": {
      "version": "4.2.2",
      "resolved": "https://registry.npm.taobao.org/@xtuc/long/download/@xtuc/long-4.2.2.tgz",
      "integrity": "sha1-0pHGpOl5ibXGHZrPOWrk/hM6cY0="
    },
    "core-js": {
      "version": "2.6.11",
      "resolved": "https://registry.npm.taobao.org/core-js/download/core-js-2.6.11.tgz",
      "integrity": "sha1-OIMUafmSK97Y7iHJ3EaYXgOZMIw="
    },
    "echarts": {
      "version": "4.8.0",
      "resolved": "https://registry.npm.taobao.org/echarts/download/echarts-4.8.0.tgz",
      "integrity": "sha1-ssHPuSKbE9No7hBPyO6mALV01MQ=",
      "requires": {
        "zrender": "4.3.1"
      }
    },
    "qrcodejs2": {
      "version": "0.0.2",
      "resolved": "https://registry.npm.taobao.org/qrcodejs2/download/qrcodejs2-0.0.2.tgz",
      "integrity": "sha1-Rlr+Xjnxn6zsuTLBH3oYYQkUauE="
    },
    "vue": {
      "version": "2.6.11",
      "resolved": "https://registry.npm.taobao.org/vue/download/vue-2.6.11.tgz",
      "integrity": "sha1-dllNh31LEiNEBuhONSdcbVFBJcU="
    },
    "vue-easy-print": {
      "version": "0.0.8",
      "resolved": "https://registry.npm.taobao.org/vue-easy-print/download/vue-easy-print-0.0.8.tgz",
      "integrity": "sha1-8JMJOjuubchLnqYQ4FFm9RjJ4IQ=",
      "requires": {
        "vue": "^2.5.11"
      }
    },
    "vue-print-nb": {
      "version": "1.5.0",
      "resolved": "https://registry.npm.taobao.org/vue-print-nb/download/vue-print-nb-1.5.0.tgz",
      "integrity": "sha1-sq9/opI//mmrTphYbgA36ZOBMWE=",
      "requires": {
        "core-js": "^2.6.5",
        "echarts": "^4.6.0",
        "qrcodejs2": "0.0.2",
        "vue": "^2.6.10"
      }
    },
    "zrender": {
      "version": "4.3.1",
      "resolved": "https://registry.npm.taobao.org/zrender/download/zrender-4.3.1.tgz?cache=0&sync_timestamp=1588758718490&other_urls=https%3A%2F%2Fregistry.npm.taobao.org%2Fzrender%2Fdownload%2Fzrender-4.3.1.tgz",
      "integrity": "sha1-uviqbcgYei+BlpLX1fm+36K5D6M="
    }
  }
}
